
Microsoft Visual Studio Solution File, Format Version 12.00
Project("{FAE04EC0-301F-11D3-BF4B-00C04F79EFBC}") = "AtosCustomers.Api", "AtosCustomers.Api\AtosCustomers.Api.csproj", "{23D26685-215C-44B4-8369-3BC7EF1751C0}"
EndProject
Project("{FAE04EC0-301F-11D3-BF4B-00C04F79EFBC}") = "AtosCustomers.Data", "AtosCustomers.Data\AtosCustomers.Data.csproj", "{8A1250F6-49FC-4802-ABD6-0EE8F7778FDE}"
EndProject
Global
	GlobalSection(SolutionConfigurationPlatforms) = preSolution
		Debug|Any CPU = Debug|Any CPU
		Release|Any CPU = Release|Any CPU
	EndGlobalSection
	GlobalSection(ProjectConfigurationPlatforms) = postSolution
		{23D26685-215C-44B4-8369-3BC7EF1751C0}.Debug|Any CPU.ActiveCfg = Debug|Any CPU
		{23D26685-215C-44B4-8369-3BC7EF1751C0}.Debug|Any CPU.Build.0 = Debug|Any CPU
		{23D26685-215C-44B4-8369-3BC7EF1751C0}.Release|Any CPU.ActiveCfg = Release|Any CPU
		{23D26685-215C-44B4-8369-3BC7EF1751C0}.Release|Any CPU.Build.0 = Release|Any CPU
		{8A1250F6-49FC-4802-ABD6-0EE8F7778FDE}.Debug|Any CPU.ActiveCfg = Debug|Any CPU
		{8A1250F6-49FC-4802-ABD6-0EE8F7778FDE}.Debug|Any CPU.Build.0 = Debug|Any CPU
		{8A1250F6-49FC-4802-ABD6-0EE8F7778FDE}.Release|Any CPU.ActiveCfg = Release|Any CPU
		{8A1250F6-49FC-4802-ABD6-0EE8F7778FDE}.Release|Any CPU.Build.0 = Release|Any CPU
	EndGlobalSection
EndGlobal
